
Microsoft Visual Studio Solution File, Format Version 12.00
# Visual Studio 14
VisualStudioVersion = 14.0.25420.1
MinimumVisualStudioVersion = 10.0.40219.1
Project("{2150E333-8FDC-42A3-9474-1A3956D46DE8}") = "Core", "Core", "{57454A38-DB2C-45BC-A08A-19126B7EC4C3}"
EndProject
Project("{2150E333-8FDC-42A3-9474-1A3956D46DE8}") = "Games", "Games", "{42C4CF61-AD99-46DA-8EFE-528197074CDB}"
EndProject
Project("{8BC9CEB8-8B4A-11D0-8D11-00A0C91BC942}") = "Base", "Projects\Core\Base\Base.vcxproj", "{5682D6E6-3755-434E-8606-691FC6A0C98D}"
EndProject
Project("{8BC9CEB8-8B4A-11D0-8D11-00A0C91BC942}") = "Util", "Projects\Core\Util\Util.vcxproj", "{DA9009F5-B88A-4801-8011-67FFBD1885DE}"
	ProjectSection(ProjectDependencies) = postProject
		{B277129E-C415-4A12-9C77-64F13446BB0F} = {B277129E-C415-4A12-9C77-64F13446BB0F}
		{5682D6E6-3755-434E-8606-691FC6A0C98D} = {5682D6E6-3755-434E-8606-691FC6A0C98D}
	EndProjectSection
EndProject
Project("{8BC9CEB8-8B4A-11D0-8D11-00A0C91BC942}") = "Trace", "Projects\Core\Trace\Trace.vcxproj", "{B277129E-C415-4A12-9C77-64F13446BB0F}"
	ProjectSection(ProjectDependencies) = postProject
		{5682D6E6-3755-434E-8606-691FC6A0C98D} = {5682D6E6-3755-434E-8606-691FC6A0C98D}
	EndProjectSection
EndProject
Project("{8BC9CEB8-8B4A-11D0-8D11-00A0C91BC942}") = "Graphic", "Projects\Core\Graphic\Graphic.vcxproj", "{75E26061-DAEA-4883-8B48-6A351072B564}"
	ProjectSection(ProjectDependencies) = postProject
		{B277129E-C415-4A12-9C77-64F13446BB0F} = {B277129E-C415-4A12-9C77-64F13446BB0F}
		{5682D6E6-3755-434E-8606-691FC6A0C98D} = {5682D6E6-3755-434E-8606-691FC6A0C98D}
		{DA9009F5-B88A-4801-8011-67FFBD1885DE} = {DA9009F5-B88A-4801-8011-67FFBD1885DE}
	EndProjectSection
EndProject
Project("{8BC9CEB8-8B4A-11D0-8D11-00A0C91BC942}") = "Applet", "Projects\Core\Applet\Applet.vcxproj", "{FE123199-0236-4282-B09B-44F7D3DED44D}"
	ProjectSection(ProjectDependencies) = postProject
		{75E26061-DAEA-4883-8B48-6A351072B564} = {75E26061-DAEA-4883-8B48-6A351072B564}
		{B277129E-C415-4A12-9C77-64F13446BB0F} = {B277129E-C415-4A12-9C77-64F13446BB0F}
		{536287D1-0949-4868-B9B1-8F2616B14D28} = {536287D1-0949-4868-B9B1-8F2616B14D28}
		{5682D6E6-3755-434E-8606-691FC6A0C98D} = {5682D6E6-3755-434E-8606-691FC6A0C98D}
		{DA9009F5-B88A-4801-8011-67FFBD1885DE} = {DA9009F5-B88A-4801-8011-67FFBD1885DE}
	EndProjectSection
EndProject
Project("{8BC9CEB8-8B4A-11D0-8D11-00A0C91BC942}") = "Physics", "Projects\Core\Physics\Physics.vcxproj", "{D3AF807D-0B53-49A1-8191-497A463D0E7B}"
	ProjectSection(ProjectDependencies) = postProject
		{75E26061-DAEA-4883-8B48-6A351072B564} = {75E26061-DAEA-4883-8B48-6A351072B564}
		{B277129E-C415-4A12-9C77-64F13446BB0F} = {B277129E-C415-4A12-9C77-64F13446BB0F}
		{5682D6E6-3755-434E-8606-691FC6A0C98D} = {5682D6E6-3755-434E-8606-691FC6A0C98D}
		{DA9009F5-B88A-4801-8011-67FFBD1885DE} = {DA9009F5-B88A-4801-8011-67FFBD1885DE}
	EndProjectSection
EndProject
Project("{8BC9CEB8-8B4A-11D0-8D11-00A0C91BC942}") = "TraceResource", "Projects\Core\Trace\TraceResource\TraceResource.vcxproj", "{14677C54-DECA-48CB-90E8-72185DF2DA58}"
EndProject
Project("{8BC9CEB8-8B4A-11D0-8D11-00A0C91BC942}") = "AticAtac", "Projects\Games\AticAtac\AticAtac.vcxproj", "{FB9E2B0B-D81A-4CA2-A618-F5E239FBF9D2}"
	ProjectSection(ProjectDependencies) = postProject
		{14677C54-DECA-48CB-90E8-72185DF2DA58} = {14677C54-DECA-48CB-90E8-72185DF2DA58}
		{75E26061-DAEA-4883-8B48-6A351072B564} = {75E26061-DAEA-4883-8B48-6A351072B564}
		{FE123199-0236-4282-B09B-44F7D3DED44D} = {FE123199-0236-4282-B09B-44F7D3DED44D}
		{B277129E-C415-4A12-9C77-64F13446BB0F} = {B277129E-C415-4A12-9C77-64F13446BB0F}
		{536287D1-0949-4868-B9B1-8F2616B14D28} = {536287D1-0949-4868-B9B1-8F2616B14D28}
		{5682D6E6-3755-434E-8606-691FC6A0C98D} = {5682D6E6-3755-434E-8606-691FC6A0C98D}
		{DA9009F5-B88A-4801-8011-67FFBD1885DE} = {DA9009F5-B88A-4801-8011-67FFBD1885DE}
	EndProjectSection
EndProject
Project("{8BC9CEB8-8B4A-11D0-8D11-00A0C91BC942}") = "Game", "Projects\Core\Game\Game.vcxproj", "{536287D1-0949-4868-B9B1-8F2616B14D28}"
	ProjectSection(ProjectDependencies) = postProject
		{75E26061-DAEA-4883-8B48-6A351072B564} = {75E26061-DAEA-4883-8B48-6A351072B564}
		{B277129E-C415-4A12-9C77-64F13446BB0F} = {B277129E-C415-4A12-9C77-64F13446BB0F}
		{5682D6E6-3755-434E-8606-691FC6A0C98D} = {5682D6E6-3755-434E-8606-691FC6A0C98D}
		{DA9009F5-B88A-4801-8011-67FFBD1885DE} = {DA9009F5-B88A-4801-8011-67FFBD1885DE}
	EndProjectSection
EndProject
Project("{8BC9CEB8-8B4A-11D0-8D11-00A0C91BC942}") = "SabreWulf", "Projects\Games\SabreWulf\SabreWulf.vcxproj", "{429A4289-B457-4E89-AE3F-D71A71B62F54}"
	ProjectSection(ProjectDependencies) = postProject
		{14677C54-DECA-48CB-90E8-72185DF2DA58} = {14677C54-DECA-48CB-90E8-72185DF2DA58}
		{75E26061-DAEA-4883-8B48-6A351072B564} = {75E26061-DAEA-4883-8B48-6A351072B564}
		{FE123199-0236-4282-B09B-44F7D3DED44D} = {FE123199-0236-4282-B09B-44F7D3DED44D}
		{B277129E-C415-4A12-9C77-64F13446BB0F} = {B277129E-C415-4A12-9C77-64F13446BB0F}
		{536287D1-0949-4868-B9B1-8F2616B14D28} = {536287D1-0949-4868-B9B1-8F2616B14D28}
		{5682D6E6-3755-434E-8606-691FC6A0C98D} = {5682D6E6-3755-434E-8606-691FC6A0C98D}
		{DA9009F5-B88A-4801-8011-67FFBD1885DE} = {DA9009F5-B88A-4801-8011-67FFBD1885DE}
	EndProjectSection
EndProject
Global
	GlobalSection(SolutionConfigurationPlatforms) = preSolution
		Debug|x86 = Debug|x86
		Release|x86 = Release|x86
	EndGlobalSection
	GlobalSection(ProjectConfigurationPlatforms) = postSolution
		{5682D6E6-3755-434E-8606-691FC6A0C98D}.Debug|x86.ActiveCfg = Debug|Win32
		{5682D6E6-3755-434E-8606-691FC6A0C98D}.Debug|x86.Build.0 = Debug|Win32
		{5682D6E6-3755-434E-8606-691FC6A0C98D}.Release|x86.ActiveCfg = Release|Win32
		{5682D6E6-3755-434E-8606-691FC6A0C98D}.Release|x86.Build.0 = Release|Win32
		{DA9009F5-B88A-4801-8011-67FFBD1885DE}.Debug|x86.ActiveCfg = Debug|Win32
		{DA9009F5-B88A-4801-8011-67FFBD1885DE}.Debug|x86.Build.0 = Debug|Win32
		{DA9009F5-B88A-4801-8011-67FFBD1885DE}.Release|x86.ActiveCfg = Release|Win32
		{DA9009F5-B88A-4801-8011-67FFBD1885DE}.Release|x86.Build.0 = Release|Win32
		{B277129E-C415-4A12-9C77-64F13446BB0F}.Debug|x86.ActiveCfg = Debug|Win32
		{B277129E-C415-4A12-9C77-64F13446BB0F}.Debug|x86.Build.0 = Debug|Win32
		{B277129E-C415-4A12-9C77-64F13446BB0F}.Release|x86.ActiveCfg = Release|Win32
		{B277129E-C415-4A12-9C77-64F13446BB0F}.Release|x86.Build.0 = Release|Win32
		{75E26061-DAEA-4883-8B48-6A351072B564}.Debug|x86.ActiveCfg = Debug|Win32
		{75E26061-DAEA-4883-8B48-6A351072B564}.Debug|x86.Build.0 = Debug|Win32
		{75E26061-DAEA-4883-8B48-6A351072B564}.Release|x86.ActiveCfg = Release|Win32
		{75E26061-DAEA-4883-8B48-6A351072B564}.Release|x86.Build.0 = Release|Win32
		{FE123199-0236-4282-B09B-44F7D3DED44D}.Debug|x86.ActiveCfg = Debug|Win32
		{FE123199-0236-4282-B09B-44F7D3DED44D}.Debug|x86.Build.0 = Debug|Win32
		{FE123199-0236-4282-B09B-44F7D3DED44D}.Release|x86.ActiveCfg = Release|Win32
		{FE123199-0236-4282-B09B-44F7D3DED44D}.Release|x86.Build.0 = Release|Win32
		{D3AF807D-0B53-49A1-8191-497A463D0E7B}.Debug|x86.ActiveCfg = Debug|Win32
		{D3AF807D-0B53-49A1-8191-497A463D0E7B}.Debug|x86.Build.0 = Debug|Win32
		{D3AF807D-0B53-49A1-8191-497A463D0E7B}.Release|x86.ActiveCfg = Release|Win32
		{D3AF807D-0B53-49A1-8191-497A463D0E7B}.Release|x86.Build.0 = Release|Win32
		{14677C54-DECA-48CB-90E8-72185DF2DA58}.Debug|x86.ActiveCfg = Debug|Win32
		{14677C54-DECA-48CB-90E8-72185DF2DA58}.Debug|x86.Build.0 = Debug|Win32
		{14677C54-DECA-48CB-90E8-72185DF2DA58}.Release|x86.ActiveCfg = Release|Win32
		{14677C54-DECA-48CB-90E8-72185DF2DA58}.Release|x86.Build.0 = Release|Win32
		{FB9E2B0B-D81A-4CA2-A618-F5E239FBF9D2}.Debug|x86.ActiveCfg = Debug|Win32
		{FB9E2B0B-D81A-4CA2-A618-F5E239FBF9D2}.Debug|x86.Build.0 = Debug|Win32
		{FB9E2B0B-D81A-4CA2-A618-F5E239FBF9D2}.Release|x86.ActiveCfg = Release|Win32
		{FB9E2B0B-D81A-4CA2-A618-F5E239FBF9D2}.Release|x86.Build.0 = Release|Win32
		{536287D1-0949-4868-B9B1-8F2616B14D28}.Debug|x86.ActiveCfg = Debug|Win32
		{536287D1-0949-4868-B9B1-8F2616B14D28}.Debug|x86.Build.0 = Debug|Win32
		{536287D1-0949-4868-B9B1-8F2616B14D28}.Release|x86.ActiveCfg = Release|Win32
		{536287D1-0949-4868-B9B1-8F2616B14D28}.Release|x86.Build.0 = Release|Win32
		{429A4289-B457-4E89-AE3F-D71A71B62F54}.Debug|x86.ActiveCfg = Debug|Win32
		{429A4289-B457-4E89-AE3F-D71A71B62F54}.Debug|x86.Build.0 = Debug|Win32
		{429A4289-B457-4E89-AE3F-D71A71B62F54}.Release|x86.ActiveCfg = Release|Win32
		{429A4289-B457-4E89-AE3F-D71A71B62F54}.Release|x86.Build.0 = Release|Win32
	EndGlobalSection
	GlobalSection(SolutionProperties) = preSolution
		HideSolutionNode = FALSE
	EndGlobalSection
	GlobalSection(NestedProjects) = preSolution
		{5682D6E6-3755-434E-8606-691FC6A0C98D} = {57454A38-DB2C-45BC-A08A-19126B7EC4C3}
		{DA9009F5-B88A-4801-8011-67FFBD1885DE} = {57454A38-DB2C-45BC-A08A-19126B7EC4C3}
		{B277129E-C415-4A12-9C77-64F13446BB0F} = {57454A38-DB2C-45BC-A08A-19126B7EC4C3}
		{75E26061-DAEA-4883-8B48-6A351072B564} = {57454A38-DB2C-45BC-A08A-19126B7EC4C3}
		{FE123199-0236-4282-B09B-44F7D3DED44D} = {57454A38-DB2C-45BC-A08A-19126B7EC4C3}
		{D3AF807D-0B53-49A1-8191-497A463D0E7B} = {57454A38-DB2C-45BC-A08A-19126B7EC4C3}
		{14677C54-DECA-48CB-90E8-72185DF2DA58} = {57454A38-DB2C-45BC-A08A-19126B7EC4C3}
		{FB9E2B0B-D81A-4CA2-A618-F5E239FBF9D2} = {42C4CF61-AD99-46DA-8EFE-528197074CDB}
		{536287D1-0949-4868-B9B1-8F2616B14D28} = {57454A38-DB2C-45BC-A08A-19126B7EC4C3}
		{429A4289-B457-4E89-AE3F-D71A71B62F54} = {42C4CF61-AD99-46DA-8EFE-528197074CDB}
	EndGlobalSection
EndGlobal
