<?xml version="1.0" encoding="utf-8"?>
<Project ToolsVersion="4.0" xmlns="http://schemas.microsoft.com/developer/msbuild/2003">
  <ItemGroup>
    <ClCompile Include="Source\AItem.cpp">
      <Filter>Source Files\SDK</Filter>
    </ClCompile>
    <ClCompile Include="Source\DrawingElement.cpp">
      <Filter>Source Files\SDK</Filter>
    </ClCompile>
    <ClCompile Include="Source\Game.cpp">
      <Filter>Source Files\SDK</Filter>
    </ClCompile>
    <ClCompile Include="Source\GraphicItem.cpp">
      <Filter>Source Files\SDK</Filter>
    </ClCompile>
    <ClCompile Include="Source\ResourceGraphic.cpp">
      <Filter>Source Files\SDK</Filter>
    </ClCompile>
    <ClCompile Include="Source\TextItem.cpp">
      <Filter>Source Files\SDK</Filter>
    </ClCompile>
    <ClCompile Include="Source\ASprite.cpp">
      <Filter>Source Files\SDK</Filter>
    </ClCompile>
    <ClCompile Include="Source\APlayerSprite.cpp">
      <Filter>Source Files\SDK</Filter>
    </ClCompile>
    <ClCompile Include="Source\AWeaponSprite.cpp">
      <Filter>Source Files\SDK</Filter>
    </ClCompile>
    <ClCompile Include="Source\ANastySprite.cpp">
      <Filter>Source Files\SDK</Filter>
    </ClCompile>
    <ClCompile Include="Source\ABossSprite.cpp">
      <Filter>Source Files\SDK</Filter>
    </ClCompile>
    <ClCompile Include="Source\Gamepad.cpp">
      <Filter>Source Files\SDK</Filter>
    </ClCompile>
    <ClCompile Include="Source\AStaticSprite.cpp">
      <Filter>Source Files\SDK</Filter>
    </ClCompile>
    <ClCompile Include="Source\SpriteDrawingElement.cpp">
      <Filter>Source Files\SDK</Filter>
    </ClCompile>
    <ClCompile Include="Source\ZxSpectrum.cpp">
      <Filter>Source Files\SDK</Filter>
    </ClCompile>
    <ClCompile Include="Source\DefaultFont.cpp">
      <Filter>Source Files\SDK</Filter>
    </ClCompile>
    <ClCompile Include="Source\ACollisionGrid.cpp">
      <Filter>Source Files\SDK</Filter>
    </ClCompile>
    <ClCompile Include="Source\ResourceGraphicsCache.cpp">
      <Filter>Source Files\SDK</Filter>
    </ClCompile>
    <ClCompile Include="Source\SpriteGraphics.cpp">
      <Filter>Source Files\SDK</Filter>
    </ClCompile>
    <ClCompile Include="Source\SpriteSound.cpp">
      <Filter>Source Files\SDK</Filter>
    </ClCompile>
  </ItemGroup>
  <ItemGroup>
    <ClInclude Include="Include\AItem.h">
      <Filter>Header Files\SDK</Filter>
    </ClInclude>
    <ClInclude Include="Include\DrawingElement.h">
      <Filter>Header Files\SDK</Filter>
    </ClInclude>
    <ClInclude Include="Include\GraphicItem.h">
      <Filter>Header Files\SDK</Filter>
    </ClInclude>
    <ClInclude Include="Include\ResourceGraphic.h">
      <Filter>Header Files\SDK</Filter>
    </ClInclude>
    <ClInclude Include="Include\TextItem.h">
      <Filter>Header Files\SDK</Filter>
    </ClInclude>
    <ClInclude Include="Include\Game.h">
      <Filter>Header Files\SDK</Filter>
    </ClInclude>
    <ClInclude Include="Include\ASprite.h">
      <Filter>Header Files\SDK</Filter>
    </ClInclude>
    <ClInclude Include="Include\APlayerSprite.h">
      <Filter>Header Files\SDK</Filter>
    </ClInclude>
    <ClInclude Include="Include\AWeaponSprite.h">
      <Filter>Header Files\SDK</Filter>
    </ClInclude>
    <ClInclude Include="Include\ANastySprite.h">
      <Filter>Header Files\SDK</Filter>
    </ClInclude>
    <ClInclude Include="Include\ABossSprite.h">
      <Filter>Header Files\SDK</Filter>
    </ClInclude>
    <ClInclude Include="Include\Gamepad.h">
      <Filter>Header Files\SDK</Filter>
    </ClInclude>
    <ClInclude Include="Include\AStaticSprite.h">
      <Filter>Header Files\SDK</Filter>
    </ClInclude>
    <ClInclude Include="Include\SpriteDrawingElement.h">
      <Filter>Header Files\SDK</Filter>
    </ClInclude>
    <ClInclude Include="Include\ZxSpectrum.h">
      <Filter>Header Files\SDK</Filter>
    </ClInclude>
    <ClInclude Include="Include\DefaultFont.h">
      <Filter>Header Files\SDK</Filter>
    </ClInclude>
    <ClInclude Include="Include\ItemAttributes.h">
      <Filter>Header Files\SDK</Filter>
    </ClInclude>
    <ClInclude Include="Include\ACollisionGrid.h">
      <Filter>Header Files\SDK</Filter>
    </ClInclude>
    <ClInclude Include="Include\ResourceGraphicsCache.h">
      <Filter>Header Files\SDK</Filter>
    </ClInclude>
    <ClInclude Include="Include\SpriteSound.h">
      <Filter>Header Files\SDK</Filter>
    </ClInclude>
    <ClInclude Include="Include\SpriteGraphics.h">
      <Filter>Header Files\SDK</Filter>
    </ClInclude>
  </ItemGroup>
  <ItemGroup>
    <Filter Include="Header Files">
      <UniqueIdentifier>{138e5512-32ca-4239-834d-afb77d107d23}</UniqueIdentifier>
    </Filter>
    <Filter Include="Header Files\SDK">
      <UniqueIdentifier>{2cf2a954-9078-4918-b05c-20624e800a02}</UniqueIdentifier>
    </Filter>
    <Filter Include="Source Files">
      <UniqueIdentifier>{12b859c2-f448-4749-af2d-73c594f00cb9}</UniqueIdentifier>
    </Filter>
    <Filter Include="Source Files\SDK">
      <UniqueIdentifier>{8d9f3e98-b7aa-4b23-981c-b0e9f21b6a8a}</UniqueIdentifier>
    </Filter>
  </ItemGroup>
</Project>