<?xml version="1.0" encoding="utf-8"?>
<Project ToolsVersion="4.0" xmlns="http://schemas.microsoft.com/developer/msbuild/2003">
  <ItemGroup>
    <Filter Include="Source Files">
      <UniqueIdentifier>{4FC737F1-C7A5-4376-A066-2A32D752A2FF}</UniqueIdentifier>
      <Extensions>cpp;c;cc;cxx;def;odl;idl;hpj;bat;asm;asmx</Extensions>
    </Filter>
    <Filter Include="Header Files">
      <UniqueIdentifier>{93995380-89BD-4b04-88EB-625FBE52EBFB}</UniqueIdentifier>
      <Extensions>h;hpp;hxx;hm;inl;inc;xsd</Extensions>
    </Filter>
    <Filter Include="Resource Files">
      <UniqueIdentifier>{67DA6AB6-F800-4c08-8B7A-83BB121AAD01}</UniqueIdentifier>
      <Extensions>rc;ico;cur;bmp;dlg;rc2;rct;bin;rgs;gif;jpg;jpeg;jpe;resx;tiff;tif;png;wav</Extensions>
    </Filter>
    <Filter Include="Config Files">
      <UniqueIdentifier>{2c0dc142-d07d-418d-9520-01fedb0c9dcb}</UniqueIdentifier>
    </Filter>
    <Filter Include="Header Files\SDK">
      <UniqueIdentifier>{76280780-8ecc-41bf-afae-7a85b2777947}</UniqueIdentifier>
    </Filter>
    <Filter Include="Source Files\SDK">
      <UniqueIdentifier>{22c36c95-6153-47fd-8599-6128cdef3e7e}</UniqueIdentifier>
    </Filter>
  </ItemGroup>
  <ItemGroup>
    <ClInclude Include="Include\AParticle.h">
      <Filter>Header Files\SDK</Filter>
    </ClInclude>
    <ClInclude Include="Include\AParticleSystem.h">
      <Filter>Header Files\SDK</Filter>
    </ClInclude>
    <ClInclude Include="Include\Game.h">
      <Filter>Header Files\SDK</Filter>
    </ClInclude>
    <ClInclude Include="Include\Vector2.h">
      <Filter>Header Files\SDK</Filter>
    </ClInclude>
    <ClInclude Include="Include\Vector3.h">
      <Filter>Header Files\SDK</Filter>
    </ClInclude>
    <ClInclude Include="Include\CollisionGrid.h">
      <Filter>Header Files\SDK</Filter>
    </ClInclude>
    <ClInclude Include="Include\CharacterSprite.h">
      <Filter>Header Files\SDK</Filter>
    </ClInclude>
    <ClInclude Include="Include\ResourceGraphic.h">
      <Filter>Header Files\SDK</Filter>
    </ClInclude>
    <ClInclude Include="Include\DrawingElement.h">
      <Filter>Header Files\SDK</Filter>
    </ClInclude>
    <ClInclude Include="Include\AItem.h">
      <Filter>Header Files\SDK</Filter>
    </ClInclude>
    <ClInclude Include="Include\GraphicItem.h">
      <Filter>Header Files\SDK</Filter>
    </ClInclude>
    <ClInclude Include="Include\TextItem.h">
      <Filter>Header Files\SDK</Filter>
    </ClInclude>
  </ItemGroup>
  <ItemGroup>
    <ClCompile Include="Source\AParticle.cpp">
      <Filter>Source Files\SDK</Filter>
    </ClCompile>
    <ClCompile Include="Source\AParticleSystem.cpp">
      <Filter>Source Files\SDK</Filter>
    </ClCompile>
    <ClCompile Include="Source\Game.cpp">
      <Filter>Source Files\SDK</Filter>
    </ClCompile>
    <ClCompile Include="Source\Vector2.cpp">
      <Filter>Source Files\SDK</Filter>
    </ClCompile>
    <ClCompile Include="Source\Vector3.cpp">
      <Filter>Source Files\SDK</Filter>
    </ClCompile>
    <ClCompile Include="Source\CollisionGrid.cpp">
      <Filter>Source Files\SDK</Filter>
    </ClCompile>
    <ClCompile Include="Source\CharacterSprite.cpp">
      <Filter>Source Files\SDK</Filter>
    </ClCompile>
    <ClCompile Include="Source\ResourceGraphic.cpp">
      <Filter>Source Files\SDK</Filter>
    </ClCompile>
    <ClCompile Include="Source\DrawingElement.cpp">
      <Filter>Source Files\SDK</Filter>
    </ClCompile>
    <ClCompile Include="Source\AItem.cpp">
      <Filter>Source Files\SDK</Filter>
    </ClCompile>
    <ClCompile Include="Source\GraphicItem.cpp">
      <Filter>Source Files\SDK</Filter>
    </ClCompile>
    <ClCompile Include="Source\TextItem.cpp">
      <Filter>Source Files\SDK</Filter>
    </ClCompile>
  </ItemGroup>
</Project>