<?xml version="1.0" encoding="utf-8"?>
<Project ToolsVersion="4.0" xmlns="http://schemas.microsoft.com/developer/msbuild/2003">
  <ItemGroup>
    <Filter Include="Source Files">
      <UniqueIdentifier>{4FC737F1-C7A5-4376-A066-2A32D752A2FF}</UniqueIdentifier>
      <Extensions>cpp;c;cc;cxx;def;odl;idl;hpj;bat;asm;asmx</Extensions>
    </Filter>
    <Filter Include="Header Files">
      <UniqueIdentifier>{93995380-89BD-4b04-88EB-625FBE52EBFB}</UniqueIdentifier>
      <Extensions>h;hpp;hxx;hm;inl;inc;xsd</Extensions>
    </Filter>
    <Filter Include="Header Files\SDK">
      <UniqueIdentifier>{2e7d7498-189f-49ee-8606-7bc4f45c2902}</UniqueIdentifier>
    </Filter>
    <Filter Include="Source Files\SDK">
      <UniqueIdentifier>{dc6b026b-1bcc-4816-b8eb-b73b7736aa8e}</UniqueIdentifier>
    </Filter>
  </ItemGroup>
  <ItemGroup>
    <ClInclude Include="Include\CriticalSection.h">
      <Filter>Header Files\SDK</Filter>
    </ClInclude>
    <ClInclude Include="Include\DateTime.h">
      <Filter>Header Files\SDK</Filter>
    </ClInclude>
    <ClInclude Include="Include\Event.h">
      <Filter>Header Files\SDK</Filter>
    </ClInclude>
    <ClInclude Include="Include\Exception.h">
      <Filter>Header Files\SDK</Filter>
    </ClInclude>
    <ClInclude Include="Include\File.h">
      <Filter>Header Files\SDK</Filter>
    </ClInclude>
    <ClInclude Include="Include\Gdi.h">
      <Filter>Header Files\SDK</Filter>
    </ClInclude>
    <ClInclude Include="Include\Heap.h">
      <Filter>Header Files\SDK</Filter>
    </ClInclude>
    <ClInclude Include="Include\ModuleLoader.h">
      <Filter>Header Files\SDK</Filter>
    </ClInclude>
    <ClInclude Include="Include\Mutex.h">
      <Filter>Header Files\SDK</Filter>
    </ClInclude>
    <ClInclude Include="Include\Pointer.h">
      <Filter>Header Files\SDK</Filter>
    </ClInclude>
    <ClInclude Include="Include\ProcessInfo.h">
      <Filter>Header Files\SDK</Filter>
    </ClInclude>
    <ClInclude Include="Include\ProcessLoader.h">
      <Filter>Header Files\SDK</Filter>
    </ClInclude>
    <ClInclude Include="Include\ProcessSingleton.h">
      <Filter>Header Files\SDK</Filter>
    </ClInclude>
    <ClInclude Include="Include\Pulse.h">
      <Filter>Header Files\SDK</Filter>
    </ClInclude>
    <ClInclude Include="Include\Random.h">
      <Filter>Header Files\SDK</Filter>
    </ClInclude>
    <ClInclude Include="Include\Registry.h">
      <Filter>Header Files\SDK</Filter>
    </ClInclude>
    <ClInclude Include="Include\ScopedLock.h">
      <Filter>Header Files\SDK</Filter>
    </ClInclude>
    <ClInclude Include="Include\SecurityAttributes.h">
      <Filter>Header Files\SDK</Filter>
    </ClInclude>
    <ClInclude Include="Include\Semaphore.h">
      <Filter>Header Files\SDK</Filter>
    </ClInclude>
    <ClInclude Include="Include\SharedAtom.h">
      <Filter>Header Files\SDK</Filter>
    </ClInclude>
    <ClInclude Include="Include\SharedMemory.h">
      <Filter>Header Files\SDK</Filter>
    </ClInclude>
    <ClInclude Include="Include\SharedName.h">
      <Filter>Header Files\SDK</Filter>
    </ClInclude>
    <ClInclude Include="Include\SharedTable.h">
      <Filter>Header Files\SDK</Filter>
    </ClInclude>
    <ClInclude Include="Include\StaticMap.h">
      <Filter>Header Files\SDK</Filter>
    </ClInclude>
    <ClInclude Include="Include\Sync.h">
      <Filter>Header Files\SDK</Filter>
    </ClInclude>
    <ClInclude Include="Include\System.h">
      <Filter>Header Files\SDK</Filter>
    </ClInclude>
    <ClInclude Include="Include\Thread.h">
      <Filter>Header Files\SDK</Filter>
    </ClInclude>
    <ClInclude Include="Include\Timer.h">
      <Filter>Header Files\SDK</Filter>
    </ClInclude>
    <ClInclude Include="Include\Tls.h">
      <Filter>Header Files\SDK</Filter>
    </ClInclude>
    <ClInclude Include="Include\Util.h">
      <Filter>Header Files\SDK</Filter>
    </ClInclude>
    <ClInclude Include="Include\ValueDescription.h">
      <Filter>Header Files\SDK</Filter>
    </ClInclude>
    <ClInclude Include="Include\ValueDescriptor.h">
      <Filter>Header Files\SDK</Filter>
    </ClInclude>
    <ClInclude Include="Include\VirtualMemory.h">
      <Filter>Header Files\SDK</Filter>
    </ClInclude>
    <ClInclude Include="Include\WaitableTimer.h">
      <Filter>Header Files\SDK</Filter>
    </ClInclude>
    <ClInclude Include="Include\WaitAny.h">
      <Filter>Header Files\SDK</Filter>
    </ClInclude>
    <ClInclude Include="Include\Win32Exception.h">
      <Filter>Header Files\SDK</Filter>
    </ClInclude>
    <ClInclude Include="Include\Window.h">
      <Filter>Header Files\SDK</Filter>
    </ClInclude>
    <ClInclude Include="Include\GdiBitmap.h">
      <Filter>Header Files\SDK</Filter>
    </ClInclude>
    <ClInclude Include="Include\Descriptions.h">
      <Filter>Header Files\SDK</Filter>
    </ClInclude>
    <ClInclude Include="Include\KeyInput.h">
      <Filter>Header Files\SDK</Filter>
    </ClInclude>
    <ClInclude Include="Include\WaveOut.h">
      <Filter>Header Files\SDK</Filter>
    </ClInclude>
    <ClInclude Include="Include\SoundSample.h">
      <Filter>Header Files\SDK</Filter>
    </ClInclude>
    <ClInclude Include="Include\AsyncSound.h">
      <Filter>Header Files\SDK</Filter>
    </ClInclude>
    <ClInclude Include="Include\Sound.h">
      <Filter>Header Files\SDK</Filter>
    </ClInclude>
    <ClInclude Include="Include\HandleMonitor.h">
      <Filter>Header Files\SDK</Filter>
    </ClInclude>
  </ItemGroup>
  <ItemGroup>
    <ClCompile Include="Source\CriticalSection.cpp">
      <Filter>Source Files\SDK</Filter>
    </ClCompile>
    <ClCompile Include="Source\DateTime.cpp">
      <Filter>Source Files\SDK</Filter>
    </ClCompile>
    <ClCompile Include="Source\Event.cpp">
      <Filter>Source Files\SDK</Filter>
    </ClCompile>
    <ClCompile Include="Source\Exception.cpp">
      <Filter>Source Files\SDK</Filter>
    </ClCompile>
    <ClCompile Include="Source\File.cpp">
      <Filter>Source Files\SDK</Filter>
    </ClCompile>
    <ClCompile Include="Source\Gdi.cpp">
      <Filter>Source Files\SDK</Filter>
    </ClCompile>
    <ClCompile Include="Source\Heap.cpp">
      <Filter>Source Files\SDK</Filter>
    </ClCompile>
    <ClCompile Include="Source\ModuleLoader.cpp">
      <Filter>Source Files\SDK</Filter>
    </ClCompile>
    <ClCompile Include="Source\Mutex.cpp">
      <Filter>Source Files\SDK</Filter>
    </ClCompile>
    <ClCompile Include="Source\Pointer.cpp">
      <Filter>Source Files\SDK</Filter>
    </ClCompile>
    <ClCompile Include="Source\ProcessInfo.cpp">
      <Filter>Source Files\SDK</Filter>
    </ClCompile>
    <ClCompile Include="Source\ProcessLoader.cpp">
      <Filter>Source Files\SDK</Filter>
    </ClCompile>
    <ClCompile Include="Source\ProcessSingleton.cpp">
      <Filter>Source Files\SDK</Filter>
    </ClCompile>
    <ClCompile Include="Source\Pulse.cpp">
      <Filter>Source Files\SDK</Filter>
    </ClCompile>
    <ClCompile Include="Source\Random.cpp">
      <Filter>Source Files\SDK</Filter>
    </ClCompile>
    <ClCompile Include="Source\Registry.cpp">
      <Filter>Source Files\SDK</Filter>
    </ClCompile>
    <ClCompile Include="Source\ScopedLock.cpp">
      <Filter>Source Files\SDK</Filter>
    </ClCompile>
    <ClCompile Include="Source\SecurityAttributes.cpp">
      <Filter>Source Files\SDK</Filter>
    </ClCompile>
    <ClCompile Include="Source\Semaphore.cpp">
      <Filter>Source Files\SDK</Filter>
    </ClCompile>
    <ClCompile Include="Source\SharedAtom.cpp">
      <Filter>Source Files\SDK</Filter>
    </ClCompile>
    <ClCompile Include="Source\SharedMemory.cpp">
      <Filter>Source Files\SDK</Filter>
    </ClCompile>
    <ClCompile Include="Source\SharedName.cpp">
      <Filter>Source Files\SDK</Filter>
    </ClCompile>
    <ClCompile Include="Source\SharedTable.cpp">
      <Filter>Source Files\SDK</Filter>
    </ClCompile>
    <ClCompile Include="Source\StaticMap.cpp">
      <Filter>Source Files\SDK</Filter>
    </ClCompile>
    <ClCompile Include="Source\Sync.cpp">
      <Filter>Source Files\SDK</Filter>
    </ClCompile>
    <ClCompile Include="Source\System.cpp">
      <Filter>Source Files\SDK</Filter>
    </ClCompile>
    <ClCompile Include="Source\Thread.cpp">
      <Filter>Source Files\SDK</Filter>
    </ClCompile>
    <ClCompile Include="Source\Timer.cpp">
      <Filter>Source Files\SDK</Filter>
    </ClCompile>
    <ClCompile Include="Source\Tls.cpp">
      <Filter>Source Files\SDK</Filter>
    </ClCompile>
    <ClCompile Include="Source\Util.cpp">
      <Filter>Source Files\SDK</Filter>
    </ClCompile>
    <ClCompile Include="Source\ValueDescription.cpp">
      <Filter>Source Files\SDK</Filter>
    </ClCompile>
    <ClCompile Include="Source\ValueDescriptor.cpp">
      <Filter>Source Files\SDK</Filter>
    </ClCompile>
    <ClCompile Include="Source\VirtualMemory.cpp">
      <Filter>Source Files\SDK</Filter>
    </ClCompile>
    <ClCompile Include="Source\WaitableTimer.cpp">
      <Filter>Source Files\SDK</Filter>
    </ClCompile>
    <ClCompile Include="Source\WaitAny.cpp">
      <Filter>Source Files\SDK</Filter>
    </ClCompile>
    <ClCompile Include="Source\Win32Exception.cpp">
      <Filter>Source Files\SDK</Filter>
    </ClCompile>
    <ClCompile Include="Source\Window.cpp">
      <Filter>Source Files\SDK</Filter>
    </ClCompile>
    <ClCompile Include="Source\GdiBitmap.cpp">
      <Filter>Source Files\SDK</Filter>
    </ClCompile>
    <ClCompile Include="Source\Descriptions.cpp">
      <Filter>Source Files\SDK</Filter>
    </ClCompile>
    <ClCompile Include="Source\KeyInput.cpp">
      <Filter>Source Files\SDK</Filter>
    </ClCompile>
    <ClCompile Include="Source\WaveOut.cpp">
      <Filter>Source Files\SDK</Filter>
    </ClCompile>
    <ClCompile Include="Source\SoundSample.cpp">
      <Filter>Source Files\SDK</Filter>
    </ClCompile>
    <ClCompile Include="Source\AsyncSound.cpp">
      <Filter>Source Files\SDK</Filter>
    </ClCompile>
    <ClCompile Include="Source\Sound.cpp">
      <Filter>Source Files\SDK</Filter>
    </ClCompile>
    <ClCompile Include="Source\HandleMonitor.cpp">
      <Filter>Source Files\SDK</Filter>
    </ClCompile>
  </ItemGroup>
</Project>