<?xml version="1.0" encoding="utf-8"?>
<Project ToolsVersion="4.0" xmlns="http://schemas.microsoft.com/developer/msbuild/2003">
  <ItemGroup>
    <Filter Include="Source Files">
      <UniqueIdentifier>{4FC737F1-C7A5-4376-A066-2A32D752A2FF}</UniqueIdentifier>
      <Extensions>cpp;c;cc;cxx;def;odl;idl;hpj;bat;asm;asmx</Extensions>
    </Filter>
    <Filter Include="Header Files">
      <UniqueIdentifier>{93995380-89BD-4b04-88EB-625FBE52EBFB}</UniqueIdentifier>
      <Extensions>h;hpp;hxx;hm;inl;inc;xsd</Extensions>
    </Filter>
    <Filter Include="Header Files\SDK">
      <UniqueIdentifier>{76280780-8ecc-41bf-afae-7a85b2777947}</UniqueIdentifier>
    </Filter>
    <Filter Include="Source Files\SDK">
      <UniqueIdentifier>{22c36c95-6153-47fd-8599-6128cdef3e7e}</UniqueIdentifier>
    </Filter>
  </ItemGroup>
  <ItemGroup>
    <ClInclude Include="Include\Gdi.h">
      <Filter>Header Files\SDK</Filter>
    </ClInclude>
    <ClInclude Include="Include\GdiBitmap.h">
      <Filter>Header Files\SDK</Filter>
    </ClInclude>
    <ClInclude Include="Include\GdiBufferedBitmap.h">
      <Filter>Header Files\SDK</Filter>
    </ClInclude>
    <ClInclude Include="Include\GdiFont.h">
      <Filter>Header Files\SDK</Filter>
    </ClInclude>
    <ClInclude Include="Include\Graphic.h">
      <Filter>Header Files\SDK</Filter>
    </ClInclude>
    <ClInclude Include="Include\GraphicMacros.h">
      <Filter>Header Files\SDK</Filter>
    </ClInclude>
    <ClInclude Include="Include\GraphicConstsAndTypes.h">
      <Filter>Header Files\SDK</Filter>
    </ClInclude>
    <ClInclude Include="Include\GdiColour.h">
      <Filter>Header Files\SDK</Filter>
    </ClInclude>
    <ClInclude Include="Include\GdiDiBitmap.h">
      <Filter>Header Files\SDK</Filter>
    </ClInclude>
    <ClInclude Include="Include\GdiRasterText.h">
      <Filter>Header Files\SDK</Filter>
    </ClInclude>
    <ClInclude Include="Include\GdiRasterFont.h">
      <Filter>Header Files\SDK</Filter>
    </ClInclude>
    <ClInclude Include="Include\AGdiGraphicElement.h">
      <Filter>Header Files\SDK</Filter>
    </ClInclude>
  </ItemGroup>
  <ItemGroup>
    <ClCompile Include="Source\Gdi.cpp">
      <Filter>Source Files\SDK</Filter>
    </ClCompile>
    <ClCompile Include="Source\GdiBitmap.cpp">
      <Filter>Source Files\SDK</Filter>
    </ClCompile>
    <ClCompile Include="Source\GdiBufferedBitmap.cpp">
      <Filter>Source Files\SDK</Filter>
    </ClCompile>
    <ClCompile Include="Source\GdiFont.cpp">
      <Filter>Source Files\SDK</Filter>
    </ClCompile>
    <ClCompile Include="Source\Graphic.cpp">
      <Filter>Source Files\SDK</Filter>
    </ClCompile>
    <ClCompile Include="Source\GraphicConstsAndTypes.cpp">
      <Filter>Source Files\SDK</Filter>
    </ClCompile>
    <ClCompile Include="Source\GraphicMacros.cpp">
      <Filter>Source Files\SDK</Filter>
    </ClCompile>
    <ClCompile Include="Source\GdiColour.cpp">
      <Filter>Source Files\SDK</Filter>
    </ClCompile>
    <ClCompile Include="Source\GdiDiBitmap.cpp">
      <Filter>Source Files\SDK</Filter>
    </ClCompile>
    <ClCompile Include="Source\GdiRasterFont.cpp">
      <Filter>Source Files\SDK</Filter>
    </ClCompile>
    <ClCompile Include="Source\GdiRasterText.cpp">
      <Filter>Source Files\SDK</Filter>
    </ClCompile>
    <ClCompile Include="Source\AGdiGraphicElement.cpp">
      <Filter>Source Files\SDK</Filter>
    </ClCompile>
  </ItemGroup>
</Project>