<?xml version="1.0" encoding="utf-8"?>
<Project ToolsVersion="4.0" xmlns="http://schemas.microsoft.com/developer/msbuild/2003">
  <ItemGroup>
    <Filter Include="Source Files">
      <UniqueIdentifier>{4FC737F1-C7A5-4376-A066-2A32D752A2FF}</UniqueIdentifier>
      <Extensions>cpp;c;cc;cxx;def;odl;idl;hpj;bat;asm;asmx</Extensions>
    </Filter>
    <Filter Include="Header Files">
      <UniqueIdentifier>{93995380-89BD-4b04-88EB-625FBE52EBFB}</UniqueIdentifier>
      <Extensions>h;hpp;hxx;hm;inl;inc;xsd</Extensions>
    </Filter>
    <Filter Include="Header Files\SDK">
      <UniqueIdentifier>{582439a5-4e13-43e1-ad7e-d72912868e4d}</UniqueIdentifier>
    </Filter>
    <Filter Include="Source Files\SDK">
      <UniqueIdentifier>{8c6d507e-2196-470c-85df-37afa3ee2871}</UniqueIdentifier>
    </Filter>
  </ItemGroup>
  <ItemGroup>
    <ClInclude Include="Include\ACanvasAnimator.h">
      <Filter>Header Files\SDK</Filter>
    </ClInclude>
    <ClInclude Include="Include\ACanvasMsgHandler.h">
      <Filter>Header Files\SDK</Filter>
    </ClInclude>
    <ClInclude Include="Include\Applet.h">
      <Filter>Header Files\SDK</Filter>
    </ClInclude>
    <ClInclude Include="Include\AppletConstsAndTypes.h">
      <Filter>Header Files\SDK</Filter>
    </ClInclude>
    <ClInclude Include="Source\WinMain.h">
      <Filter>Header Files</Filter>
    </ClInclude>
    <ClInclude Include="Source\AppletWnd.h">
      <Filter>Header Files</Filter>
    </ClInclude>
    <ClInclude Include="Include\AScreen.h">
      <Filter>Header Files\SDK</Filter>
    </ClInclude>
    <ClInclude Include="Include\Canvas.h">
      <Filter>Header Files\SDK</Filter>
    </ClInclude>
  </ItemGroup>
  <ItemGroup>
    <ClCompile Include="Source\ACanvasAnimator.cpp">
      <Filter>Source Files\SDK</Filter>
    </ClCompile>
    <ClCompile Include="Source\ACanvasMsgHandler.cpp">
      <Filter>Source Files\SDK</Filter>
    </ClCompile>
    <ClCompile Include="Source\Applet.cpp">
      <Filter>Source Files\SDK</Filter>
    </ClCompile>
    <ClCompile Include="Source\AppletConstsAndTypes.cpp">
      <Filter>Source Files\SDK</Filter>
    </ClCompile>
    <ClCompile Include="Source\WinMain.cpp">
      <Filter>Source Files</Filter>
    </ClCompile>
    <ClCompile Include="Source\AppletWnd.cpp">
      <Filter>Source Files</Filter>
    </ClCompile>
    <ClCompile Include="Source\AScreen.cpp">
      <Filter>Source Files\SDK</Filter>
    </ClCompile>
    <ClCompile Include="Source\Canvas.cpp">
      <Filter>Source Files\SDK</Filter>
    </ClCompile>
  </ItemGroup>
</Project>